{
  "files": [
    {
      "sha": "649df52311585b4246a9843cfe231f9ecca0361b295d6ec55c75a502495afe54",
      "path": "AGENTS.md"
    },
    {
      "sha": "65b910bbf81d9d567ab268fd54286cb1cb386d4b2523aa137f686b49bb51d33c",
      "path": ".cursor/rules/00-akira-agents.mdc"
    },
    {
      "sha": "3d9c71d05a544f94eefbb6cbf96dcd0567cc13c6046b95cc928afd0af29e2beb",
      "path": ".claude/CLAUDE.agents.md"
    }
  ],
  "generatedFrom": "repo:libq"
}
