{
  "generatedFrom": "repo:libq",
  "files": [
    {
      "path": "AGENTS.md",
      "sha": "fe0e44c94dc29988ee13ef96c1027acc1dfd1af753126fa93f52ebe2a7c0ce9d"
    },
    {
      "path": ".cursor/rules/00-akira-agents.mdc",
      "sha": "bfe38e9338d5d1a53643d59e6863ec376ba6e420c0d805a0380c63e2117839d3"
    },
    {
      "path": ".claude/rules/akira-agents.md",
      "sha": "cfbb4826d8d2b14a1ff3a8ca5074cb9be40638e143aa7c1a918415c97198f0a0"
    }
  ]
}
