{
  "files": [
    {
      "sha": "b3e0dacfdf4b6af712ed13b10a8f4aadfa2df3f8fface2053be5dde42fbb8ae1",
      "path": "AGENTS.md"
    },
    {
      "sha": "9f3a62edbc62887c59aae698bf9f00b50ff37eb4f486d07a3ffdc80d2bb0b863",
      "path": ".cursor/rules/00-akira-agents.mdc"
    },
    {
      "sha": "97260b47a8cf03ea72e98d1815de08a1ca14984e42178410ee06e4b0b4f59aca",
      "path": ".claude/CLAUDE.agents.md"
    }
  ],
  "generatedFrom": "repo:libq"
}
